
Microsoft Visual Studio Solution File, Format Version 12.00
# Visual Studio 2012
Project("{FAE04EC0-301F-11D3-BF4B-00C04F79EFBC}") = "Pregunta 3", "Pregunta 3\Pregunta 3.csproj", "{3325389A-97F7-4751-B693-A0F8D5B11C2D}"
EndProject
Global
	GlobalSection(SolutionConfigurationPlatforms) = preSolution
		Debug|Any CPU = Debug|Any CPU
		Release|Any CPU = Release|Any CPU
	EndGlobalSection
	GlobalSection(ProjectConfigurationPlatforms) = postSolution
		{3325389A-97F7-4751-B693-A0F8D5B11C2D}.Debug|Any CPU.ActiveCfg = Debug|Any CPU
		{3325389A-97F7-4751-B693-A0F8D5B11C2D}.Debug|Any CPU.Build.0 = Debug|Any CPU
		{3325389A-97F7-4751-B693-A0F8D5B11C2D}.Release|Any CPU.ActiveCfg = Release|Any CPU
		{3325389A-97F7-4751-B693-A0F8D5B11C2D}.Release|Any CPU.Build.0 = Release|Any CPU
	EndGlobalSection
	GlobalSection(SolutionProperties) = preSolution
		HideSolutionNode = FALSE
	EndGlobalSection
EndGlobal
